
Microsoft Visual Studio Solution File, Format Version 12.00
# Visual Studio Version 17
VisualStudioVersion = 17.9.34728.123
MinimumVisualStudioVersion = 10.0.40219.1
Project("{FAE04EC0-301F-11D3-BF4B-00C04F79EFBC}") = "SalesWebMvc", "SalesWebMvc\SalesWebMvc.csproj", "{9E32BFA9-6833-436D-877A-BE1917AB9D1C}"
EndProject
Global
	GlobalSection(SolutionConfigurationPlatforms) = preSolution
		Debug|Any CPU = Debug|Any CPU
		Release|Any CPU = Release|Any CPU
	EndGlobalSection
	GlobalSection(ProjectConfigurationPlatforms) = postSolution
		{9E32BFA9-6833-436D-877A-BE1917AB9D1C}.Debug|Any CPU.ActiveCfg = Debug|Any CPU
		{9E32BFA9-6833-436D-877A-BE1917AB9D1C}.Debug|Any CPU.Build.0 = Debug|Any CPU
		{9E32BFA9-6833-436D-877A-BE1917AB9D1C}.Release|Any CPU.ActiveCfg = Release|Any CPU
		{9E32BFA9-6833-436D-877A-BE1917AB9D1C}.Release|Any CPU.Build.0 = Release|Any CPU
	EndGlobalSection
	GlobalSection(SolutionProperties) = preSolution
		HideSolutionNode = FALSE
	EndGlobalSection
	GlobalSection(ExtensibilityGlobals) = postSolution
		SolutionGuid = {481D12A4-4F07-4F13-8C82-61180594E032}
	EndGlobalSection
EndGlobal
